{
    "hash": "9030b87eae5fece28d9b2b835d1fcc91",
    "packages": [
        {
            "package": "zendframework/zendframework1",
            "version": "1.12.0"
        }
    ],
    "packages-dev": null,
    "aliases": [

    ],
    "minimum-stability": "stable",
    "stability-flags": [

    ]
}
